
Microsoft Visual Studio Solution File, Format Version 12.00
# Visual Studio Version 17
VisualStudioVersion = 17.1.32228.430
MinimumVisualStudioVersion = 10.0.40219.1
Project("{9A19103F-16F7-4668-BE54-9A1E7A4F7556}") = "DigitalPoliceSystem", "DigitalPoliceSystem\DigitalPoliceSystem.csproj", "{D905D1C0-FA78-4436-95C3-CD5CB05F0CA2}"
EndProject
Project("{FAE04EC0-301F-11D3-BF4B-00C04F79EFBC}") = "DigitalPoliceSystem.xUnitTestProject", "DigitalPoliceSystem.xUnitTestProject\DigitalPoliceSystem.xUnitTestProject.csproj", "{192534E1-7056-46A8-93E8-26CE65BC6C17}"
EndProject
Global
	GlobalSection(SolutionConfigurationPlatforms) = preSolution
		Debug|Any CPU = Debug|Any CPU
		Release|Any CPU = Release|Any CPU
	EndGlobalSection
	GlobalSection(ProjectConfigurationPlatforms) = postSolution
		{D905D1C0-FA78-4436-95C3-CD5CB05F0CA2}.Debug|Any CPU.ActiveCfg = Debug|Any CPU
		{D905D1C0-FA78-4436-95C3-CD5CB05F0CA2}.Debug|Any CPU.Build.0 = Debug|Any CPU
		{D905D1C0-FA78-4436-95C3-CD5CB05F0CA2}.Release|Any CPU.ActiveCfg = Release|Any CPU
		{D905D1C0-FA78-4436-95C3-CD5CB05F0CA2}.Release|Any CPU.Build.0 = Release|Any CPU
		{192534E1-7056-46A8-93E8-26CE65BC6C17}.Debug|Any CPU.ActiveCfg = Debug|Any CPU
		{192534E1-7056-46A8-93E8-26CE65BC6C17}.Debug|Any CPU.Build.0 = Debug|Any CPU
		{192534E1-7056-46A8-93E8-26CE65BC6C17}.Release|Any CPU.ActiveCfg = Release|Any CPU
		{192534E1-7056-46A8-93E8-26CE65BC6C17}.Release|Any CPU.Build.0 = Release|Any CPU
	EndGlobalSection
	GlobalSection(SolutionProperties) = preSolution
		HideSolutionNode = FALSE
	EndGlobalSection
	GlobalSection(ExtensibilityGlobals) = postSolution
		SolutionGuid = {3BC2FB87-0D6B-489F-8EFC-B8DCFCF68BBE}
	EndGlobalSection
EndGlobal
